// !$*UTF8*$!
{
	archiveVersion = 1;
	classes = {
	};
	objectVersion = 46;
	objects = {

/* Begin PBXBuildFile section */
		3D1321331F9A960D00F3106A /* AlbumsSplitViewController.swift in Sources */ = {isa = PBXBuildFile; fileRef = 3D1321321F9A960D00F3106A /* AlbumsSplitViewController.swift */; };
		AC0787F21F8C9F4D0020B3D5 /* AppDelegate.swift in Sources */ = {isa = PBXBuildFile; fileRef = AC0787F11F8C9F4D0020B3D5 /* AppDelegate.swift */; };
		AC0787F41F8C9F4D0020B3D5 /* ViewController.swift in Sources */ = {isa = PBXBuildFile; fileRef = AC0787F31F8C9F4D0020B3D5 /* ViewController.swift */; };
		AC0787F71F8C9F4D0020B3D5 /* Main.storyboard in Resources */ = {isa = PBXBuildFile; fileRef = AC0787F51F8C9F4D0020B3D5 /* Main.storyboard */; };
		AC0787F91F8C9F4D0020B3D5 /* Assets.xcassets in Resources */ = {isa = PBXBuildFile; fileRef = AC0787F81F8C9F4D0020B3D5 /* Assets.xcassets */; };
		AC0787FC1F8C9F4D0020B3D5 /* LaunchScreen.storyboard in Resources */ = {isa = PBXBuildFile; fileRef = AC0787FA1F8C9F4D0020B3D5 /* LaunchScreen.storyboard */; };
		AC0788071F8C9F4D0020B3D5 /* lab1AppTests.swift in Sources */ = {isa = PBXBuildFile; fileRef = AC0788061F8C9F4D0020B3D5 /* lab1AppTests.swift */; };
		AC0788121F8C9F4D0020B3D5 /* lab1AppUITests.swift in Sources */ = {isa = PBXBuildFile; fileRef = AC0788111F8C9F4D0020B3D5 /* lab1AppUITests.swift */; };
/* End PBXBuildFile section */

/* Begin PBXContainerItemProxy section */
		AC0788031F8C9F4D0020B3D5 /* PBXContainerItemProxy */ = {
			isa = PBXContainerItemProxy;
			containerPortal = AC0787E61F8C9F4D0020B3D5 /* Project object */;
			proxyType = 1;
			remoteGlobalIDString = AC0787ED1F8C9F4D0020B3D5;
			remoteInfo = lab1App;
		};
		AC07880E1F8C9F4D0020B3D5 /* PBXContainerItemProxy */ = {
			isa = PBXContainerItemProxy;
			containerPortal = AC0787E61F8C9F4D0020B3D5 /* Project object */;
			proxyType = 1;
			remoteGlobalIDString = AC0787ED1F8C9F4D0020B3D5;
			remoteInfo = lab1App;
		};
/* End PBXContainerItemProxy section */

/* Begin PBXFileReference section */
		3D1321321F9A960D00F3106A /* AlbumsSplitViewController.swift */ = {isa = PBXFileReference; lastKnownFileType = sourcecode.swift; path = AlbumsSplitViewController.swift; sourceTree = "<group>"; };
		AC0787EE1F8C9F4D0020B3D5 /* lab1App.app */ = {isa = PBXFileReference; explicitFileType = wrapper.application; includeInIndex = 0; path = lab1App.app; sourceTree = BUILT_PRODUCTS_DIR; };
		AC0787F11F8C9F4D0020B3D5 /* AppDelegate.swift */ = {isa = PBXFileReference; lastKnownFileType = sourcecode.swift; path = AppDelegate.swift; sourceTree = "<group>"; };
		AC0787F31F8C9F4D0020B3D5 /* ViewController.swift */ = {isa = PBXFileReference; lastKnownFileType = sourcecode.swift; path = ViewController.swift; sourceTree = "<group>"; };
		AC0787F61F8C9F4D0020B3D5 /* Base */ = {isa = PBXFileReference; lastKnownFileType = file.storyboard; name = Base; path = Base.lproj/Main.storyboard; sourceTree = "<group>"; };
		AC0787F81F8C9F4D0020B3D5 /* Assets.xcassets */ = {isa = PBXFileReference; lastKnownFileType = folder.assetcatalog; path = Assets.xcassets; sourceTree = "<group>"; };
		AC0787FB1F8C9F4D0020B3D5 /* Base */ = {isa = PBXFileReference; lastKnownFileType = file.storyboard; name = Base; path = Base.lproj/LaunchScreen.storyboard; sourceTree = "<group>"; };
		AC0787FD1F8C9F4D0020B3D5 /* Info.plist */ = {isa = PBXFileReference; lastKnownFileType = text.plist.xml; path = Info.plist; sourceTree = "<group>"; };
		AC0788021F8C9F4D0020B3D5 /* lab1AppTests.xctest */ = {isa = PBXFileReference; explicitFileType = wrapper.cfbundle; includeInIndex = 0; path = lab1AppTests.xctest; sourceTree = BUILT_PRODUCTS_DIR; };
		AC0788061F8C9F4D0020B3D5 /* lab1AppTests.swift */ = {isa = PBXFileReference; lastKnownFileType = sourcecode.swift; path = lab1AppTests.swift; sourceTree = "<group>"; };
		AC0788081F8C9F4D0020B3D5 /* Info.plist */ = {isa = PBXFileReference; lastKnownFileType = text.plist.xml; path = Info.plist; sourceTree = "<group>"; };
		AC07880D1F8C9F4D0020B3D5 /* lab1AppUITests.xctest */ = {isa = PBXFileReference; explicitFileType = wrapper.cfbundle; includeInIndex = 0; path = lab1AppUITests.xctest; sourceTree = BUILT_PRODUCTS_DIR; };
		AC0788111F8C9F4D0020B3D5 /* lab1AppUITests.swift */ = {isa = PBXFileReference; lastKnownFileType = sourcecode.swift; path = lab1AppUITests.swift; sourceTree = "<group>"; };
		AC0788131F8C9F4D0020B3D5 /* Info.plist */ = {isa = PBXFileReference; lastKnownFileType = text.plist.xml; path = Info.plist; sourceTree = "<group>"; };
/* End PBXFileReference section */

/* Begin PBXFrameworksBuildPhase section */
		AC0787EB1F8C9F4D0020B3D5 /* Frameworks */ = {
			isa = PBXFrameworksBuildPhase;
			buildActionMask = 2147483647;
			files = (
			);
			runOnlyForDeploymentPostprocessing = 0;
		};
		AC0787FF1F8C9F4D0020B3D5 /* Frameworks */ = {
			isa = PBXFrameworksBuildPhase;
			buildActionMask = 2147483647;
			files = (
			);
			runOnlyForDeploymentPostprocessing = 0;
		};
		AC07880A1F8C9F4D0020B3D5 /* Frameworks */ = {
			isa = PBXFrameworksBuildPhase;
			buildActionMask = 2147483647;
			files = (
			);
			runOnlyForDeploymentPostprocessing = 0;
		};
/* End PBXFrameworksBuildPhase section */

/* Begin PBXGroup section */
		AC0787E51F8C9F4D0020B3D5 = {
			isa = PBXGroup;
			children = (
				AC0787F01F8C9F4D0020B3D5 /* lab1App */,
				AC0788051F8C9F4D0020B3D5 /* lab1AppTests */,
				AC0788101F8C9F4D0020B3D5 /* lab1AppUITests */,
				AC0787EF1F8C9F4D0020B3D5 /* Products */,
			);
			sourceTree = "<group>";
		};
		AC0787EF1F8C9F4D0020B3D5 /* Products */ = {
			isa = PBXGroup;
			children = (
				AC0787EE1F8C9F4D0020B3D5 /* lab1App.app */,
				AC0788021F8C9F4D0020B3D5 /* lab1AppTests.xctest */,
				AC07880D1F8C9F4D0020B3D5 /* lab1AppUITests.xctest */,
			);
			name = Products;
			sourceTree = "<group>";
		};
		AC0787F01F8C9F4D0020B3D5 /* lab1App */ = {
			isa = PBXGroup;
			children = (
				AC0787F11F8C9F4D0020B3D5 /* AppDelegate.swift */,
				AC0787F31F8C9F4D0020B3D5 /* ViewController.swift */,
				AC0787F51F8C9F4D0020B3D5 /* Main.storyboard */,
				AC0787F81F8C9F4D0020B3D5 /* Assets.xcassets */,
				AC0787FA1F8C9F4D0020B3D5 /* LaunchScreen.storyboard */,
				AC0787FD1F8C9F4D0020B3D5 /* Info.plist */,
				3D1321321F9A960D00F3106A /* AlbumsSplitViewController.swift */,
			);
			path = lab1App;
			sourceTree = "<group>";
		};
		AC0788051F8C9F4D0020B3D5 /* lab1AppTests */ = {
			isa = PBXGroup;
			children = (
				AC0788061F8C9F4D0020B3D5 /* lab1AppTests.swift */,
				AC0788081F8C9F4D0020B3D5 /* Info.plist */,
			);
			path = lab1AppTests;
			sourceTree = "<group>";
		};
		AC0788101F8C9F4D0020B3D5 /* lab1AppUITests */ = {
			isa = PBXGroup;
			children = (
				AC0788111F8C9F4D0020B3D5 /* lab1AppUITests.swift */,
				AC0788131F8C9F4D0020B3D5 /* Info.plist */,
			);
			path = lab1AppUITests;
			sourceTree = "<group>";
		};
/* End PBXGroup section */

/* Begin PBXNativeTarget section */
		AC0787ED1F8C9F4D0020B3D5 /* lab1App */ = {
			isa = PBXNativeTarget;
			buildConfigurationList = AC0788161F8C9F4D0020B3D5 /* Build configuration list for PBXNativeTarget "lab1App" */;
			buildPhases = (
				AC0787EA1F8C9F4D0020B3D5 /* Sources */,
				AC0787EB1F8C9F4D0020B3D5 /* Frameworks */,
				AC0787EC1F8C9F4D0020B3D5 /* Resources */,
			);
			buildRules = (
			);
			dependencies = (
			);
			name = lab1App;
			productName = lab1App;
			productReference = AC0787EE1F8C9F4D0020B3D5 /* lab1App.app */;
			productType = "com.apple.product-type.application";
		};
		AC0788011F8C9F4D0020B3D5 /* lab1AppTests */ = {
			isa = PBXNativeTarget;
			buildConfigurationList = AC0788191F8C9F4D0020B3D5 /* Build configuration list for PBXNativeTarget "lab1AppTests" */;
			buildPhases = (
				AC0787FE1F8C9F4D0020B3D5 /* Sources */,
				AC0787FF1F8C9F4D0020B3D5 /* Frameworks */,
				AC0788001F8C9F4D0020B3D5 /* Resources */,
			);
			buildRules = (
			);
			dependencies = (
				AC0788041F8C9F4D0020B3D5 /* PBXTargetDependency */,
			);
			name = lab1AppTests;
			productName = lab1AppTests;
			productReference = AC0788021F8C9F4D0020B3D5 /* lab1AppTests.xctest */;
			productType = "com.apple.product-type.bundle.unit-test";
		};
		AC07880C1F8C9F4D0020B3D5 /* lab1AppUITests */ = {
			isa = PBXNativeTarget;
			buildConfigurationList = AC07881C1F8C9F4D0020B3D5 /* Build configuration list for PBXNativeTarget "lab1AppUITests" */;
			buildPhases = (
				AC0788091F8C9F4D0020B3D5 /* Sources */,
				AC07880A1F8C9F4D0020B3D5 /* Frameworks */,
				AC07880B1F8C9F4D0020B3D5 /* Resources */,
			);
			buildRules = (
			);
			dependencies = (
				AC07880F1F8C9F4D0020B3D5 /* PBXTargetDependency */,
			);
			name = lab1AppUITests;
			productName = lab1AppUITests;
			productReference = AC07880D1F8C9F4D0020B3D5 /* lab1AppUITests.xctest */;
			productType = "com.apple.product-type.bundle.ui-testing";
		};
/* End PBXNativeTarget section */

/* Begin PBXProject section */
		AC0787E61F8C9F4D0020B3D5 /* Project object */ = {
			isa = PBXProject;
			attributes = {
				LastSwiftUpdateCheck = 0810;
				LastUpgradeCheck = 0810;
				ORGANIZATIONNAME = "Użytkownik Gość";
				TargetAttributes = {
					AC0787ED1F8C9F4D0020B3D5 = {
						CreatedOnToolsVersion = 8.1;
						ProvisioningStyle = Automatic;
					};
					AC0788011F8C9F4D0020B3D5 = {
						CreatedOnToolsVersion = 8.1;
						ProvisioningStyle = Automatic;
						TestTargetID = AC0787ED1F8C9F4D0020B3D5;
					};
					AC07880C1F8C9F4D0020B3D5 = {
						CreatedOnToolsVersion = 8.1;
						ProvisioningStyle = Automatic;
						TestTargetID = AC0787ED1F8C9F4D0020B3D5;
					};
				};
			};
			buildConfigurationList = AC0787E91F8C9F4D0020B3D5 /* Build configuration list for PBXProject "lab1App" */;
			compatibilityVersion = "Xcode 3.2";
			developmentRegion = English;
			hasScannedForEncodings = 0;
			knownRegions = (
				en,
				Base,
			);
			mainGroup = AC0787E51F8C9F4D0020B3D5;
			productRefGroup = AC0787EF1F8C9F4D0020B3D5 /* Products */;
			projectDirPath = "";
			projectRoot = "";
			targets = (
				AC0787ED1F8C9F4D0020B3D5 /* lab1App */,
				AC0788011F8C9F4D0020B3D5 /* lab1AppTests */,
				AC07880C1F8C9F4D0020B3D5 /* lab1AppUITests */,
			);
		};
/* End PBXProject section */

/* Begin PBXResourcesBuildPhase section */
		AC0787EC1F8C9F4D0020B3D5 /* Resources */ = {
			isa = PBXResourcesBuildPhase;
			buildActionMask = 2147483647;
			files = (
				AC0787FC1F8C9F4D0020B3D5 /* LaunchScreen.storyboard in Resources */,
				AC0787F91F8C9F4D0020B3D5 /* Assets.xcassets in Resources */,
				AC0787F71F8C9F4D0020B3D5 /* Main.storyboard in Resources */,
			);
			runOnlyForDeploymentPostprocessing = 0;
		};
		AC0788001F8C9F4D0020B3D5 /* Resources */ = {
			isa = PBXResourcesBuildPhase;
			buildActionMask = 2147483647;
			files = (
			);
			runOnlyForDeploymentPostprocessing = 0;
		};
		AC07880B1F8C9F4D0020B3D5 /* Resources */ = {
			isa = PBXResourcesBuildPhase;
			buildActionMask = 2147483647;
			files = (
			);
			runOnlyForDeploymentPostprocessing = 0;
		};
/* End PBXResourcesBuildPhase section */

/* Begin PBXSourcesBuildPhase section */
		AC0787EA1F8C9F4D0020B3D5 /* Sources */ = {
			isa = PBXSourcesBuildPhase;
			buildActionMask = 2147483647;
			files = (
				AC0787F41F8C9F4D0020B3D5 /* ViewController.swift in Sources */,
				AC0787F21F8C9F4D0020B3D5 /* AppDelegate.swift in Sources */,
				3D1321331F9A960D00F3106A /* AlbumsSplitViewController.swift in Sources */,
			);
			runOnlyForDeploymentPostprocessing = 0;
		};
		AC0787FE1F8C9F4D0020B3D5 /* Sources */ = {
			isa = PBXSourcesBuildPhase;
			buildActionMask = 2147483647;
			files = (
				AC0788071F8C9F4D0020B3D5 /* lab1AppTests.swift in Sources */,
			);
			runOnlyForDeploymentPostprocessing = 0;
		};
		AC0788091F8C9F4D0020B3D5 /* Sources */ = {
			isa = PBXSourcesBuildPhase;
			buildActionMask = 2147483647;
			files = (
				AC0788121F8C9F4D0020B3D5 /* lab1AppUITests.swift in Sources */,
			);
			runOnlyForDeploymentPostprocessing = 0;
		};
/* End PBXSourcesBuildPhase section */

/* Begin PBXTargetDependency section */
		AC0788041F8C9F4D0020B3D5 /* PBXTargetDependency */ = {
			isa = PBXTargetDependency;
			target = AC0787ED1F8C9F4D0020B3D5 /* lab1App */;
			targetProxy = AC0788031F8C9F4D0020B3D5 /* PBXContainerItemProxy */;
		};
		AC07880F1F8C9F4D0020B3D5 /* PBXTargetDependency */ = {
			isa = PBXTargetDependency;
			target = AC0787ED1F8C9F4D0020B3D5 /* lab1App */;
			targetProxy = AC07880E1F8C9F4D0020B3D5 /* PBXContainerItemProxy */;
		};
/* End PBXTargetDependency section */

/* Begin PBXVariantGroup section */
		AC0787F51F8C9F4D0020B3D5 /* Main.storyboard */ = {
			isa = PBXVariantGroup;
			children = (
				AC0787F61F8C9F4D0020B3D5 /* Base */,
			);
			name = Main.storyboard;
			sourceTree = "<group>";
		};
		AC0787FA1F8C9F4D0020B3D5 /* LaunchScreen.storyboard */ = {
			isa = PBXVariantGroup;
			children = (
				AC0787FB1F8C9F4D0020B3D5 /* Base */,
			);
			name = LaunchScreen.storyboard;
			sourceTree = "<group>";
		};
/* End PBXVariantGroup section */

/* Begin XCBuildConfiguration section */
		AC0788141F8C9F4D0020B3D5 /* Debug */ = {
			isa = XCBuildConfiguration;
			buildSettings = {
				ALWAYS_SEARCH_USER_PATHS = NO;
				CLANG_ANALYZER_NONNULL = YES;
				CLANG_CXX_LANGUAGE_STANDARD = "gnu++0x";
				CLANG_CXX_LIBRARY = "libc++";
				CLANG_ENABLE_MODULES = YES;
				CLANG_ENABLE_OBJC_ARC = YES;
				CLANG_WARN_BOOL_CONVERSION = YES;
				CLANG_WARN_CONSTANT_CONVERSION = YES;
				CLANG_WARN_DIRECT_OBJC_ISA_USAGE = YES_ERROR;
				CLANG_WARN_DOCUMENTATION_COMMENTS = YES;
				CLANG_WARN_EMPTY_BODY = YES;
				CLANG_WARN_ENUM_CONVERSION = YES;
				CLANG_WARN_INFINITE_RECURSION = YES;
				CLANG_WARN_INT_CONVERSION = YES;
				CLANG_WARN_OBJC_ROOT_CLASS = YES_ERROR;
				CLANG_WARN_SUSPICIOUS_MOVES = YES;
				CLANG_WARN_UNREACHABLE_CODE = YES;
				CLANG_WARN__DUPLICATE_METHOD_MATCH = YES;
				"CODE_SIGN_IDENTITY[sdk=iphoneos*]" = "iPhone Developer";
				COPY_PHASE_STRIP = NO;
				DEBUG_INFORMATION_FORMAT = dwarf;
				ENABLE_STRICT_OBJC_MSGSEND = YES;
				ENABLE_TESTABILITY = YES;
				GCC_C_LANGUAGE_STANDARD = gnu99;
				GCC_DYNAMIC_NO_PIC = NO;
				GCC_NO_COMMON_BLOCKS = YES;
				GCC_OPTIMIZATION_LEVEL = 0;
				GCC_PREPROCESSOR_DEFINITIONS = (
					"DEBUG=1",
					"$(inherited)",
				);
				GCC_WARN_64_TO_32_BIT_CONVERSION = YES;
				GCC_WARN_ABOUT_RETURN_TYPE = YES_ERROR;
				GCC_WARN_UNDECLARED_SELECTOR = YES;
				GCC_WARN_UNINITIALIZED_AUTOS = YES_AGGRESSIVE;
				GCC_WARN_UNUSED_FUNCTION = YES;
				GCC_WARN_UNUSED_VARIABLE = YES;
				IPHONEOS_DEPLOYMENT_TARGET = 10.1;
				MTL_ENABLE_DEBUG_INFO = YES;
				ONLY_ACTIVE_ARCH = YES;
				SDKROOT = iphoneos;
				SWIFT_ACTIVE_COMPILATION_CONDITIONS = DEBUG;
				SWIFT_OPTIMIZATION_LEVEL = "-Onone";
			};
			name = Debug;
		};
		AC0788151F8C9F4D0020B3D5 /* Release */ = {
			isa = XCBuildConfiguration;
			buildSettings = {
				ALWAYS_SEARCH_USER_PATHS = NO;
				CLANG_ANALYZER_NONNULL = YES;
				CLANG_CXX_LANGUAGE_STANDARD = "gnu++0x";
				CLANG_CXX_LIBRARY = "libc++";
				CLANG_ENABLE_MODULES = YES;
				CLANG_ENABLE_OBJC_ARC = YES;
				CLANG_WARN_BOOL_CONVERSION = YES;
				CLANG_WARN_CONSTANT_CONVERSION = YES;
				CLANG_WARN_DIRECT_OBJC_ISA_USAGE = YES_ERROR;
				CLANG_WARN_DOCUMENTATION_COMMENTS = YES;
				CLANG_WARN_EMPTY_BODY = YES;
				CLANG_WARN_ENUM_CONVERSION = YES;
				CLANG_WARN_INFINITE_RECURSION = YES;
				CLANG_WARN_INT_CONVERSION = YES;
				CLANG_WARN_OBJC_ROOT_CLASS = YES_ERROR;
				CLANG_WARN_SUSPICIOUS_MOVES = YES;
				CLANG_WARN_UNREACHABLE_CODE = YES;
				CLANG_WARN__DUPLICATE_METHOD_MATCH = YES;
				"CODE_SIGN_IDENTITY[sdk=iphoneos*]" = "iPhone Developer";
				COPY_PHASE_STRIP = NO;
				DEBUG_INFORMATION_FORMAT = "dwarf-with-dsym";
				ENABLE_NS_ASSERTIONS = NO;
				ENABLE_STRICT_OBJC_MSGSEND = YES;
				GCC_C_LANGUAGE_STANDARD = gnu99;
				GCC_NO_COMMON_BLOCKS = YES;
				GCC_WARN_64_TO_32_BIT_CONVERSION = YES;
				GCC_WARN_ABOUT_RETURN_TYPE = YES_ERROR;
				GCC_WARN_UNDECLARED_SELECTOR = YES;
				GCC_WARN_UNINITIALIZED_AUTOS = YES_AGGRESSIVE;
				GCC_WARN_UNUSED_FUNCTION = YES;
				GCC_WARN_UNUSED_VARIABLE = YES;
				IPHONEOS_DEPLOYMENT_TARGET = 10.1;
				MTL_ENABLE_DEBUG_INFO = NO;
				SDKROOT = iphoneos;
				SWIFT_OPTIMIZATION_LEVEL = "-Owholemodule";
				VALIDATE_PRODUCT = YES;
			};
			name = Release;
		};
		AC0788171F8C9F4D0020B3D5 /* Debug */ = {
			isa = XCBuildConfiguration;
			buildSettings = {
				ASSETCATALOG_COMPILER_APPICON_NAME = AppIcon;
				INFOPLIST_FILE = lab1App/Info.plist;
				LD_RUNPATH_SEARCH_PATHS = "$(inherited) @executable_path/Frameworks";
				PRODUCT_BUNDLE_IDENTIFIER = agh.lab1App;
				PRODUCT_NAME = "$(TARGET_NAME)";
				SWIFT_VERSION = 3.0;
			};
			name = Debug;
		};
		AC0788181F8C9F4D0020B3D5 /* Release */ = {
			isa = XCBuildConfiguration;
			buildSettings = {
				ASSETCATALOG_COMPILER_APPICON_NAME = AppIcon;
				INFOPLIST_FILE = lab1App/Info.plist;
				LD_RUNPATH_SEARCH_PATHS = "$(inherited) @executable_path/Frameworks";
				PRODUCT_BUNDLE_IDENTIFIER = agh.lab1App;
				PRODUCT_NAME = "$(TARGET_NAME)";
				SWIFT_VERSION = 3.0;
			};
			name = Release;
		};
		AC07881A1F8C9F4D0020B3D5 /* Debug */ = {
			isa = XCBuildConfiguration;
			buildSettings = {
				ALWAYS_EMBED_SWIFT_STANDARD_LIBRARIES = YES;
				BUNDLE_LOADER = "$(TEST_HOST)";
				INFOPLIST_FILE = lab1AppTests/Info.plist;
				LD_RUNPATH_SEARCH_PATHS = "$(inherited) @executable_path/Frameworks @loader_path/Frameworks";
				PRODUCT_BUNDLE_IDENTIFIER = agh.lab1AppTests;
				PRODUCT_NAME = "$(TARGET_NAME)";
				SWIFT_VERSION = 3.0;
				TEST_HOST = "$(BUILT_PRODUCTS_DIR)/lab1App.app/lab1App";
			};
			name = Debug;
		};
		AC07881B1F8C9F4D0020B3D5 /* Release */ = {
			isa = XCBuildConfiguration;
			buildSettings = {
				ALWAYS_EMBED_SWIFT_STANDARD_LIBRARIES = YES;
				BUNDLE_LOADER = "$(TEST_HOST)";
				INFOPLIST_FILE = lab1AppTests/Info.plist;
				LD_RUNPATH_SEARCH_PATHS = "$(inherited) @executable_path/Frameworks @loader_path/Frameworks";
				PRODUCT_BUNDLE_IDENTIFIER = agh.lab1AppTests;
				PRODUCT_NAME = "$(TARGET_NAME)";
				SWIFT_VERSION = 3.0;
				TEST_HOST = "$(BUILT_PRODUCTS_DIR)/lab1App.app/lab1App";
			};
			name = Release;
		};
		AC07881D1F8C9F4D0020B3D5 /* Debug */ = {
			isa = XCBuildConfiguration;
			buildSettings = {
				ALWAYS_EMBED_SWIFT_STANDARD_LIBRARIES = YES;
				INFOPLIST_FILE = lab1AppUITests/Info.plist;
				LD_RUNPATH_SEARCH_PATHS = "$(inherited) @executable_path/Frameworks @loader_path/Frameworks";
				PRODUCT_BUNDLE_IDENTIFIER = agh.lab1AppUITests;
				PRODUCT_NAME = "$(TARGET_NAME)";
				SWIFT_VERSION = 3.0;
				TEST_TARGET_NAME = lab1App;
			};
			name = Debug;
		};
		AC07881E1F8C9F4D0020B3D5 /* Release */ = {
			isa = XCBuildConfiguration;
			buildSettings = {
				ALWAYS_EMBED_SWIFT_STANDARD_LIBRARIES = YES;
				INFOPLIST_FILE = lab1AppUITests/Info.plist;
				LD_RUNPATH_SEARCH_PATHS = "$(inherited) @executable_path/Frameworks @loader_path/Frameworks";
				PRODUCT_BUNDLE_IDENTIFIER = agh.lab1AppUITests;
				PRODUCT_NAME = "$(TARGET_NAME)";
				SWIFT_VERSION = 3.0;
				TEST_TARGET_NAME = lab1App;
			};
			name = Release;
		};
/* End XCBuildConfiguration section */

/* Begin XCConfigurationList section */
		AC0787E91F8C9F4D0020B3D5 /* Build configuration list for PBXProject "lab1App" */ = {
			isa = XCConfigurationList;
			buildConfigurations = (
				AC0788141F8C9F4D0020B3D5 /* Debug */,
				AC0788151F8C9F4D0020B3D5 /* Release */,
			);
			defaultConfigurationIsVisible = 0;
			defaultConfigurationName = Release;
		};
		AC0788161F8C9F4D0020B3D5 /* Build configuration list for PBXNativeTarget "lab1App" */ = {
			isa = XCConfigurationList;
			buildConfigurations = (
				AC0788171F8C9F4D0020B3D5 /* Debug */,
				AC0788181F8C9F4D0020B3D5 /* Release */,
			);
			defaultConfigurationIsVisible = 0;
			defaultConfigurationName = Release;
		};
		AC0788191F8C9F4D0020B3D5 /* Build configuration list for PBXNativeTarget "lab1AppTests" */ = {
			isa = XCConfigurationList;
			buildConfigurations = (
				AC07881A1F8C9F4D0020B3D5 /* Debug */,
				AC07881B1F8C9F4D0020B3D5 /* Release */,
			);
			defaultConfigurationIsVisible = 0;
			defaultConfigurationName = Release;
		};
		AC07881C1F8C9F4D0020B3D5 /* Build configuration list for PBXNativeTarget "lab1AppUITests" */ = {
			isa = XCConfigurationList;
			buildConfigurations = (
				AC07881D1F8C9F4D0020B3D5 /* Debug */,
				AC07881E1F8C9F4D0020B3D5 /* Release */,
			);
			defaultConfigurationIsVisible = 0;
			defaultConfigurationName = Release;
		};
/* End XCConfigurationList section */
	};
	rootObject = AC0787E61F8C9F4D0020B3D5 /* Project object */;
}
